
Microsoft Visual Studio Solution File, Format Version 11.00
# Visual Studio 2010
Project("{8BC9CEB8-8B4A-11D0-8D11-00A0C91BC942}") = "DumpTest", "DumpTest\DumpTest.vcxproj", "{BD38855E-4C4B-45A1-BD72-AE7F77FAAE7F}"
EndProject
Global
	GlobalSection(SolutionConfigurationPlatforms) = preSolution
		Debug|Win32 = Debug|Win32
		Release|Win32 = Release|Win32
	EndGlobalSection
	GlobalSection(ProjectConfigurationPlatforms) = postSolution
		{BD38855E-4C4B-45A1-BD72-AE7F77FAAE7F}.Debug|Win32.ActiveCfg = Debug|Win32
		{BD38855E-4C4B-45A1-BD72-AE7F77FAAE7F}.Debug|Win32.Build.0 = Debug|Win32
		{BD38855E-4C4B-45A1-BD72-AE7F77FAAE7F}.Release|Win32.ActiveCfg = Release|Win32
		{BD38855E-4C4B-45A1-BD72-AE7F77FAAE7F}.Release|Win32.Build.0 = Release|Win32
	EndGlobalSection
	GlobalSection(SolutionProperties) = preSolution
		HideSolutionNode = FALSE
	EndGlobalSection
EndGlobal
